
Microsoft Visual Studio Solution File, Format Version 12.00
# Visual Studio Version 17
VisualStudioVersion = 17.5.002.0
MinimumVisualStudioVersion = 10.0.40219.1
Project("{9A19103F-16F7-4668-BE54-9A1E7A4F7556}") = "Exercise4", "Exercise4.csproj", "{AEB0DBFE-3481-4777-805F-4470E84274D7}"
EndProject
Global
	GlobalSection(SolutionConfigurationPlatforms) = preSolution
		Debug|Any CPU = Debug|Any CPU
		Release|Any CPU = Release|Any CPU
	EndGlobalSection
	GlobalSection(ProjectConfigurationPlatforms) = postSolution
		{AEB0DBFE-3481-4777-805F-4470E84274D7}.Debug|Any CPU.ActiveCfg = Debug|Any CPU
		{AEB0DBFE-3481-4777-805F-4470E84274D7}.Debug|Any CPU.Build.0 = Debug|Any CPU
		{AEB0DBFE-3481-4777-805F-4470E84274D7}.Release|Any CPU.ActiveCfg = Release|Any CPU
		{AEB0DBFE-3481-4777-805F-4470E84274D7}.Release|Any CPU.Build.0 = Release|Any CPU
	EndGlobalSection
	GlobalSection(SolutionProperties) = preSolution
		HideSolutionNode = FALSE
	EndGlobalSection
	GlobalSection(ExtensibilityGlobals) = postSolution
		SolutionGuid = {77504D17-F018-4CD5-ADB6-BD367E7FCE93}
	EndGlobalSection
EndGlobal
