
Microsoft Visual Studio Solution File, Format Version 12.00
# Visual Studio Version 17
VisualStudioVersion = 17.5.002.0
MinimumVisualStudioVersion = 10.0.40219.1
Project("{9A19103F-16F7-4668-BE54-9A1E7A4F7556}") = "Exercise1", "Exercise1.csproj", "{1A242648-462A-4A20-A879-7F28B777F318}"
EndProject
Project("{9A19103F-16F7-4668-BE54-9A1E7A4F7556}") = "Prep1", "Prep1.csproj", "{556A5CD9-5119-4C4A-8EED-D39E5AFB6DC7}"
EndProject
Global
	GlobalSection(SolutionConfigurationPlatforms) = preSolution
		Debug|Any CPU = Debug|Any CPU
		Release|Any CPU = Release|Any CPU
	EndGlobalSection
	GlobalSection(ProjectConfigurationPlatforms) = postSolution
		{1A242648-462A-4A20-A879-7F28B777F318}.Debug|Any CPU.ActiveCfg = Debug|Any CPU
		{1A242648-462A-4A20-A879-7F28B777F318}.Debug|Any CPU.Build.0 = Debug|Any CPU
		{1A242648-462A-4A20-A879-7F28B777F318}.Release|Any CPU.ActiveCfg = Release|Any CPU
		{1A242648-462A-4A20-A879-7F28B777F318}.Release|Any CPU.Build.0 = Release|Any CPU
		{556A5CD9-5119-4C4A-8EED-D39E5AFB6DC7}.Debug|Any CPU.ActiveCfg = Debug|Any CPU
		{556A5CD9-5119-4C4A-8EED-D39E5AFB6DC7}.Debug|Any CPU.Build.0 = Debug|Any CPU
		{556A5CD9-5119-4C4A-8EED-D39E5AFB6DC7}.Release|Any CPU.ActiveCfg = Release|Any CPU
		{556A5CD9-5119-4C4A-8EED-D39E5AFB6DC7}.Release|Any CPU.Build.0 = Release|Any CPU
	EndGlobalSection
	GlobalSection(SolutionProperties) = preSolution
		HideSolutionNode = FALSE
	EndGlobalSection
	GlobalSection(ExtensibilityGlobals) = postSolution
		SolutionGuid = {3632766F-143D-45D0-A829-7BF3D5EC1198}
	EndGlobalSection
EndGlobal
